
Microsoft Visual Studio Solution File, Format Version 12.00
# Visual Studio Version 17
VisualStudioVersion = 17.8.34330.188
MinimumVisualStudioVersion = 10.0.40219.1
Project("{FAE04EC0-301F-11D3-BF4B-00C04F79EFBC}") = "CatManagementApp", "CatManagementApp\CatManagementApp.csproj", "{CE5204DC-5358-47FA-8BC7-4177AF5FC75F}"
EndProject
Global
	GlobalSection(SolutionConfigurationPlatforms) = preSolution
		Debug|Any CPU = Debug|Any CPU
		Release|Any CPU = Release|Any CPU
	EndGlobalSection
	GlobalSection(ProjectConfigurationPlatforms) = postSolution
		{CE5204DC-5358-47FA-8BC7-4177AF5FC75F}.Debug|Any CPU.ActiveCfg = Debug|Any CPU
		{CE5204DC-5358-47FA-8BC7-4177AF5FC75F}.Debug|Any CPU.Build.0 = Debug|Any CPU
		{CE5204DC-5358-47FA-8BC7-4177AF5FC75F}.Release|Any CPU.ActiveCfg = Release|Any CPU
		{CE5204DC-5358-47FA-8BC7-4177AF5FC75F}.Release|Any CPU.Build.0 = Release|Any CPU
	EndGlobalSection
	GlobalSection(SolutionProperties) = preSolution
		HideSolutionNode = FALSE
	EndGlobalSection
	GlobalSection(ExtensibilityGlobals) = postSolution
		SolutionGuid = {D4A0C424-0961-40CE-A6C9-F0A9E69575F1}
	EndGlobalSection
EndGlobal
